
Microsoft Visual Studio Solution File, Format Version 12.00
Project("{FAE04EC0-301F-11D3-BF4B-00C04F79EFBC}") = "DEAssignment", "DEAssignment.csproj", "{FCCA39D0-6C56-4489-A3B5-7CB4188DC712}"
EndProject
Global
	GlobalSection(SolutionConfigurationPlatforms) = preSolution
		Debug|Any CPU = Debug|Any CPU
		Release|Any CPU = Release|Any CPU
	EndGlobalSection
	GlobalSection(ProjectConfigurationPlatforms) = postSolution
		{FCCA39D0-6C56-4489-A3B5-7CB4188DC712}.Debug|Any CPU.ActiveCfg = Debug|Any CPU
		{FCCA39D0-6C56-4489-A3B5-7CB4188DC712}.Debug|Any CPU.Build.0 = Debug|Any CPU
		{FCCA39D0-6C56-4489-A3B5-7CB4188DC712}.Release|Any CPU.ActiveCfg = Release|Any CPU
		{FCCA39D0-6C56-4489-A3B5-7CB4188DC712}.Release|Any CPU.Build.0 = Release|Any CPU
	EndGlobalSection
EndGlobal
